
Microsoft Visual Studio Solution File, Format Version 12.00
# Visual Studio 15
VisualStudioVersion = 15.0.27703.2035
MinimumVisualStudioVersion = 10.0.40219.1
Project("{FAE04EC0-301F-11D3-BF4B-00C04F79EFBC}") = "RemoteDba.Terminal", "RemoteDba.Terminal\RemoteDba.Terminal.csproj", "{0D322AD6-BA61-4F51-8918-C54AC30349CB}"
EndProject
Global
	GlobalSection(SolutionConfigurationPlatforms) = preSolution
		Debug|Any CPU = Debug|Any CPU
		Release|Any CPU = Release|Any CPU
	EndGlobalSection
	GlobalSection(ProjectConfigurationPlatforms) = postSolution
		{0D322AD6-BA61-4F51-8918-C54AC30349CB}.Debug|Any CPU.ActiveCfg = Debug|Any CPU
		{0D322AD6-BA61-4F51-8918-C54AC30349CB}.Debug|Any CPU.Build.0 = Debug|Any CPU
		{0D322AD6-BA61-4F51-8918-C54AC30349CB}.Release|Any CPU.ActiveCfg = Release|Any CPU
		{0D322AD6-BA61-4F51-8918-C54AC30349CB}.Release|Any CPU.Build.0 = Release|Any CPU
	EndGlobalSection
	GlobalSection(SolutionProperties) = preSolution
		HideSolutionNode = FALSE
	EndGlobalSection
	GlobalSection(ExtensibilityGlobals) = postSolution
		SolutionGuid = {8497824E-B61C-45E4-A4DC-FEFA5CB35F3D}
	EndGlobalSection
EndGlobal
